// !$*UTF8*$!
{
	archiveVersion = 1;
	classes = {
	};
	objectVersion = 46;
	objects = {

/* Begin PBXBuildFile section */
		2E1C5C781DDD9F8C00AE5478 /* PopViewController.m in Sources */ = {isa = PBXBuildFile; fileRef = 2E1C5C771DDD9F8C00AE5478 /* PopViewController.m */; };
		2E2B1AFA1DDD2F56000644DC /* YALSpringAnimation.m in Sources */ = {isa = PBXBuildFile; fileRef = 2E2B1ADB1DDD2F56000644DC /* YALSpringAnimation.m */; };
		2E2B1AFB1DDD2F56000644DC /* CAAnimation+YALTabBarViewAnimations.m in Sources */ = {isa = PBXBuildFile; fileRef = 2E2B1AE01DDD2F56000644DC /* CAAnimation+YALTabBarViewAnimations.m */; };
		2E2B1AFC1DDD2F56000644DC /* CATransaction+TransactionWithAnimationsAndCompletion.m in Sources */ = {isa = PBXBuildFile; fileRef = 2E2B1AE41DDD2F56000644DC /* CATransaction+TransactionWithAnimationsAndCompletion.m */; };
		2E2B1AFD1DDD2F56000644DC /* YALAnimatingTabBarConstants.m in Sources */ = {isa = PBXBuildFile; fileRef = 2E2B1AE71DDD2F56000644DC /* YALAnimatingTabBarConstants.m */; };
		2E2B1AFE1DDD2F56000644DC /* YALFoldingTabBarController.m in Sources */ = {isa = PBXBuildFile; fileRef = 2E2B1AEB1DDD2F56000644DC /* YALFoldingTabBarController.m */; };
		2E2B1AFF1DDD2F56000644DC /* YALTabBarItem.m in Sources */ = {isa = PBXBuildFile; fileRef = 2E2B1AEF1DDD2F56000644DC /* YALTabBarItem.m */; };
		2E2B1B001DDD2F56000644DC /* Info.plist in Resources */ = {isa = PBXBuildFile; fileRef = 2E2B1AF21DDD2F56000644DC /* Info.plist */; };
		2E2B1B011DDD2F56000644DC /* YALCustomHeightTabBar.m in Sources */ = {isa = PBXBuildFile; fileRef = 2E2B1AF61DDD2F56000644DC /* YALCustomHeightTabBar.m */; };
		2E2B1B021DDD2F56000644DC /* YALFoldingTabBar.m in Sources */ = {isa = PBXBuildFile; fileRef = 2E2B1AF91DDD2F56000644DC /* YALFoldingTabBar.m */; };
		2E2B1B191DDD308B000644DC /* HomeViewController.m in Sources */ = {isa = PBXBuildFile; fileRef = 2E2B1B181DDD308B000644DC /* HomeViewController.m */; };
		2E2B1B1C1DDD309A000644DC /* ChatViewController.m in Sources */ = {isa = PBXBuildFile; fileRef = 2E2B1B1B1DDD309A000644DC /* ChatViewController.m */; };
		2E2B1B1F1DDD30AA000644DC /* NearbyViewController.m in Sources */ = {isa = PBXBuildFile; fileRef = 2E2B1B1E1DDD30AA000644DC /* NearbyViewController.m */; };
		2E2B1B221DDD30B7000644DC /* SettingViewController.m in Sources */ = {isa = PBXBuildFile; fileRef = 2E2B1B211DDD30B7000644DC /* SettingViewController.m */; };
		2E4149721D853AC80070F491 /* BaseViewController.m in Sources */ = {isa = PBXBuildFile; fileRef = 2E4149711D853AC80070F491 /* BaseViewController.m */; };
		2E7F30671DD93CCB00352F60 /* NSArray+Compare.m in Sources */ = {isa = PBXBuildFile; fileRef = 2E7F30661DD93CCB00352F60 /* NSArray+Compare.m */; };
		2EB127821D7D6081001D760E /* main.m in Sources */ = {isa = PBXBuildFile; fileRef = 2EB127811D7D6081001D760E /* main.m */; };
		2EB1278B1D7D6081001D760E /* Main.storyboard in Resources */ = {isa = PBXBuildFile; fileRef = 2EB127891D7D6081001D760E /* Main.storyboard */; };
		2EB1278D1D7D6081001D760E /* Assets.xcassets in Resources */ = {isa = PBXBuildFile; fileRef = 2EB1278C1D7D6081001D760E /* Assets.xcassets */; };
		2EB127901D7D6081001D760E /* LaunchScreen.storyboard in Resources */ = {isa = PBXBuildFile; fileRef = 2EB1278E1D7D6081001D760E /* LaunchScreen.storyboard */; };
		2EB127AF1D7D6361001D760E /* AppDelegate.m in Sources */ = {isa = PBXBuildFile; fileRef = 2EB127A81D7D6361001D760E /* AppDelegate.m */; };
		2EB127BD1D7D6528001D760E /* NSArray+Log.m in Sources */ = {isa = PBXBuildFile; fileRef = 2EB127BC1D7D6528001D760E /* NSArray+Log.m */; };
		2EB127C91D7D6660001D760E /* NSString+Path.m in Sources */ = {isa = PBXBuildFile; fileRef = 2EB127C21D7D6660001D760E /* NSString+Path.m */; };
		2EB127CA1D7D6660001D760E /* NSString+TextSize.m in Sources */ = {isa = PBXBuildFile; fileRef = 2EB127C41D7D6660001D760E /* NSString+TextSize.m */; };
		2EB127CF1D7D66C7001D760E /* UIImage+Resizable.m in Sources */ = {isa = PBXBuildFile; fileRef = 2EB127CE1D7D66C7001D760E /* UIImage+Resizable.m */; };
		2EB127D11D7D67D8001D760E /* UIView+Frame.m in Sources */ = {isa = PBXBuildFile; fileRef = 2EB127D01D7D67D8001D760E /* UIView+Frame.m */; };
		2EB127DA1D7D6A8E001D760E /* AppInfoUtil.m in Sources */ = {isa = PBXBuildFile; fileRef = 2EB127D91D7D6A8E001D760E /* AppInfoUtil.m */; };
		2EB127DD1D7D6ABB001D760E /* NSString+Validate.m in Sources */ = {isa = PBXBuildFile; fileRef = 2EB127DC1D7D6ABB001D760E /* NSString+Validate.m */; };
		2EB127E01D7D6ACE001D760E /* UIImage+Extend.m in Sources */ = {isa = PBXBuildFile; fileRef = 2EB127DF1D7D6ACE001D760E /* UIImage+Extend.m */; };
		2EB127E31D7D6B72001D760E /* DateFormatUtil.m in Sources */ = {isa = PBXBuildFile; fileRef = 2EB127E21D7D6B72001D760E /* DateFormatUtil.m */; };
		2EB127E91D7D6D33001D760E /* GCDTaskQueue.m in Sources */ = {isa = PBXBuildFile; fileRef = 2EB127E81D7D6D33001D760E /* GCDTaskQueue.m */; };
		2EB127EC1D7D6DB6001D760E /* IOManager.m in Sources */ = {isa = PBXBuildFile; fileRef = 2EB127EB1D7D6DB6001D760E /* IOManager.m */; };
		2EB127EF1D7D6E5E001D760E /* KeychainWrapper.m in Sources */ = {isa = PBXBuildFile; fileRef = 2EB127EE1D7D6E5E001D760E /* KeychainWrapper.m */; };
		2EB127F41D7D6F03001D760E /* ObjectCacheManager.m in Sources */ = {isa = PBXBuildFile; fileRef = 2EB127F11D7D6F03001D760E /* ObjectCacheManager.m */; };
		2EB127F51D7D6F03001D760E /* SecurityUtil.m in Sources */ = {isa = PBXBuildFile; fileRef = 2EB127F31D7D6F03001D760E /* SecurityUtil.m */; };
		2ECDB8501DDB3A1200E10342 /* BaseTabBarController.m in Sources */ = {isa = PBXBuildFile; fileRef = 2ECDB84F1DDB3A1200E10342 /* BaseTabBarController.m */; };
		2EE6F2C11DDD99B200785FCC /* DataModel.m in Sources */ = {isa = PBXBuildFile; fileRef = 2EE6F2C01DDD99B200785FCC /* DataModel.m */; };
		2EE6F2C41DDD9AAD00785FCC /* BaseModel.m in Sources */ = {isa = PBXBuildFile; fileRef = 2EE6F2C31DDD9AAD00785FCC /* BaseModel.m */; };
/* End PBXBuildFile section */

/* Begin PBXFileReference section */
		2E1C5C761DDD9F8C00AE5478 /* PopViewController.h */ = {isa = PBXFileReference; fileEncoding = 4; lastKnownFileType = sourcecode.c.h; path = PopViewController.h; sourceTree = "<group>"; };
		2E1C5C771DDD9F8C00AE5478 /* PopViewController.m */ = {isa = PBXFileReference; fileEncoding = 4; lastKnownFileType = sourcecode.c.objc; path = PopViewController.m; sourceTree = "<group>"; };
		2E2B1ADA1DDD2F56000644DC /* YALSpringAnimation.h */ = {isa = PBXFileReference; fileEncoding = 4; lastKnownFileType = sourcecode.c.h; path = YALSpringAnimation.h; sourceTree = "<group>"; };
		2E2B1ADB1DDD2F56000644DC /* YALSpringAnimation.m */ = {isa = PBXFileReference; fileEncoding = 4; lastKnownFileType = sourcecode.c.objc; path = YALSpringAnimation.m; sourceTree = "<group>"; };
		2E2B1ADF1DDD2F56000644DC /* CAAnimation+YALTabBarViewAnimations.h */ = {isa = PBXFileReference; fileEncoding = 4; lastKnownFileType = sourcecode.c.h; path = "CAAnimation+YALTabBarViewAnimations.h"; sourceTree = "<group>"; };
		2E2B1AE01DDD2F56000644DC /* CAAnimation+YALTabBarViewAnimations.m */ = {isa = PBXFileReference; fileEncoding = 4; lastKnownFileType = sourcecode.c.objc; path = "CAAnimation+YALTabBarViewAnimations.m"; sourceTree = "<group>"; };
		2E2B1AE31DDD2F56000644DC /* CATransaction+TransactionWithAnimationsAndCompletion.h */ = {isa = PBXFileReference; fileEncoding = 4; lastKnownFileType = sourcecode.c.h; path = "CATransaction+TransactionWithAnimationsAndCompletion.h"; sourceTree = "<group>"; };
		2E2B1AE41DDD2F56000644DC /* CATransaction+TransactionWithAnimationsAndCompletion.m */ = {isa = PBXFileReference; fileEncoding = 4; lastKnownFileType = sourcecode.c.objc; path = "CATransaction+TransactionWithAnimationsAndCompletion.m"; sourceTree = "<group>"; };
		2E2B1AE61DDD2F56000644DC /* YALAnimatingTabBarConstants.h */ = {isa = PBXFileReference; fileEncoding = 4; lastKnownFileType = sourcecode.c.h; path = YALAnimatingTabBarConstants.h; sourceTree = "<group>"; };
		2E2B1AE71DDD2F56000644DC /* YALAnimatingTabBarConstants.m */ = {isa = PBXFileReference; fileEncoding = 4; lastKnownFileType = sourcecode.c.objc; path = YALAnimatingTabBarConstants.m; sourceTree = "<group>"; };
		2E2B1AEA1DDD2F56000644DC /* YALFoldingTabBarController.h */ = {isa = PBXFileReference; fileEncoding = 4; lastKnownFileType = sourcecode.c.h; path = YALFoldingTabBarController.h; sourceTree = "<group>"; };
		2E2B1AEB1DDD2F56000644DC /* YALFoldingTabBarController.m */ = {isa = PBXFileReference; fileEncoding = 4; lastKnownFileType = sourcecode.c.objc; path = YALFoldingTabBarController.m; sourceTree = "<group>"; };
		2E2B1AEE1DDD2F56000644DC /* YALTabBarItem.h */ = {isa = PBXFileReference; fileEncoding = 4; lastKnownFileType = sourcecode.c.h; path = YALTabBarItem.h; sourceTree = "<group>"; };
		2E2B1AEF1DDD2F56000644DC /* YALTabBarItem.m */ = {isa = PBXFileReference; fileEncoding = 4; lastKnownFileType = sourcecode.c.objc; path = YALTabBarItem.m; sourceTree = "<group>"; };
		2E2B1AF11DDD2F56000644DC /* FoldingTabBar.h */ = {isa = PBXFileReference; fileEncoding = 4; lastKnownFileType = sourcecode.c.h; path = FoldingTabBar.h; sourceTree = "<group>"; };
		2E2B1AF21DDD2F56000644DC /* Info.plist */ = {isa = PBXFileReference; fileEncoding = 4; lastKnownFileType = text.plist.xml; path = Info.plist; sourceTree = "<group>"; };
		2E2B1AF51DDD2F56000644DC /* YALCustomHeightTabBar.h */ = {isa = PBXFileReference; fileEncoding = 4; lastKnownFileType = sourcecode.c.h; path = YALCustomHeightTabBar.h; sourceTree = "<group>"; };
		2E2B1AF61DDD2F56000644DC /* YALCustomHeightTabBar.m */ = {isa = PBXFileReference; fileEncoding = 4; lastKnownFileType = sourcecode.c.objc; path = YALCustomHeightTabBar.m; sourceTree = "<group>"; };
		2E2B1AF81DDD2F56000644DC /* YALFoldingTabBar.h */ = {isa = PBXFileReference; fileEncoding = 4; lastKnownFileType = sourcecode.c.h; path = YALFoldingTabBar.h; sourceTree = "<group>"; };
		2E2B1AF91DDD2F56000644DC /* YALFoldingTabBar.m */ = {isa = PBXFileReference; fileEncoding = 4; lastKnownFileType = sourcecode.c.objc; path = YALFoldingTabBar.m; sourceTree = "<group>"; };
		2E2B1B171DDD308B000644DC /* HomeViewController.h */ = {isa = PBXFileReference; fileEncoding = 4; lastKnownFileType = sourcecode.c.h; path = HomeViewController.h; sourceTree = "<group>"; };
		2E2B1B181DDD308B000644DC /* HomeViewController.m */ = {isa = PBXFileReference; fileEncoding = 4; lastKnownFileType = sourcecode.c.objc; path = HomeViewController.m; sourceTree = "<group>"; };
		2E2B1B1A1DDD309A000644DC /* ChatViewController.h */ = {isa = PBXFileReference; fileEncoding = 4; lastKnownFileType = sourcecode.c.h; path = ChatViewController.h; sourceTree = "<group>"; };
		2E2B1B1B1DDD309A000644DC /* ChatViewController.m */ = {isa = PBXFileReference; fileEncoding = 4; lastKnownFileType = sourcecode.c.objc; path = ChatViewController.m; sourceTree = "<group>"; };
		2E2B1B1D1DDD30AA000644DC /* NearbyViewController.h */ = {isa = PBXFileReference; fileEncoding = 4; lastKnownFileType = sourcecode.c.h; path = NearbyViewController.h; sourceTree = "<group>"; };
		2E2B1B1E1DDD30AA000644DC /* NearbyViewController.m */ = {isa = PBXFileReference; fileEncoding = 4; lastKnownFileType = sourcecode.c.objc; path = NearbyViewController.m; sourceTree = "<group>"; };
		2E2B1B201DDD30B7000644DC /* SettingViewController.h */ = {isa = PBXFileReference; fileEncoding = 4; lastKnownFileType = sourcecode.c.h; path = SettingViewController.h; sourceTree = "<group>"; };
		2E2B1B211DDD30B7000644DC /* SettingViewController.m */ = {isa = PBXFileReference; fileEncoding = 4; lastKnownFileType = sourcecode.c.objc; path = SettingViewController.m; sourceTree = "<group>"; };
		2E2B1B231DDD3356000644DC /* PrefixHeader.pch */ = {isa = PBXFileReference; fileEncoding = 4; lastKnownFileType = sourcecode.c.h; path = PrefixHeader.pch; sourceTree = "<group>"; };
		2E4149701D853AC80070F491 /* BaseViewController.h */ = {isa = PBXFileReference; fileEncoding = 4; lastKnownFileType = sourcecode.c.h; path = BaseViewController.h; sourceTree = "<group>"; };
		2E4149711D853AC80070F491 /* BaseViewController.m */ = {isa = PBXFileReference; fileEncoding = 4; lastKnownFileType = sourcecode.c.objc; path = BaseViewController.m; sourceTree = "<group>"; };
		2E7F30651DD93CCB00352F60 /* NSArray+Compare.h */ = {isa = PBXFileReference; fileEncoding = 4; lastKnownFileType = sourcecode.c.h; path = "NSArray+Compare.h"; sourceTree = "<group>"; };
		2E7F30661DD93CCB00352F60 /* NSArray+Compare.m */ = {isa = PBXFileReference; fileEncoding = 4; lastKnownFileType = sourcecode.c.objc; path = "NSArray+Compare.m"; sourceTree = "<group>"; };
		2EB1277D1D7D6081001D760E /* YNWorkKit.app */ = {isa = PBXFileReference; explicitFileType = wrapper.application; includeInIndex = 0; path = YNWorkKit.app; sourceTree = BUILT_PRODUCTS_DIR; };
		2EB127811D7D6081001D760E /* main.m */ = {isa = PBXFileReference; lastKnownFileType = sourcecode.c.objc; path = main.m; sourceTree = "<group>"; };
		2EB1278A1D7D6081001D760E /* Base */ = {isa = PBXFileReference; lastKnownFileType = file.storyboard; name = Base; path = Base.lproj/Main.storyboard; sourceTree = "<group>"; };
		2EB1278C1D7D6081001D760E /* Assets.xcassets */ = {isa = PBXFileReference; lastKnownFileType = folder.assetcatalog; path = Assets.xcassets; sourceTree = "<group>"; };
		2EB1278F1D7D6081001D760E /* Base */ = {isa = PBXFileReference; lastKnownFileType = file.storyboard; name = Base; path = Base.lproj/LaunchScreen.storyboard; sourceTree = "<group>"; };
		2EB127911D7D6081001D760E /* Info.plist */ = {isa = PBXFileReference; lastKnownFileType = text.plist.xml; path = Info.plist; sourceTree = "<group>"; };
		2EB127A71D7D6361001D760E /* AppDelegate.h */ = {isa = PBXFileReference; fileEncoding = 4; lastKnownFileType = sourcecode.c.h; path = AppDelegate.h; sourceTree = "<group>"; };
		2EB127A81D7D6361001D760E /* AppDelegate.m */ = {isa = PBXFileReference; fileEncoding = 4; lastKnownFileType = sourcecode.c.objc; path = AppDelegate.m; sourceTree = "<group>"; };
		2EB127BB1D7D6528001D760E /* NSArray+Log.h */ = {isa = PBXFileReference; fileEncoding = 4; lastKnownFileType = sourcecode.c.h; path = "NSArray+Log.h"; sourceTree = "<group>"; };
		2EB127BC1D7D6528001D760E /* NSArray+Log.m */ = {isa = PBXFileReference; fileEncoding = 4; lastKnownFileType = sourcecode.c.objc; path = "NSArray+Log.m"; sourceTree = "<group>"; };
		2EB127C11D7D6660001D760E /* NSString+Path.h */ = {isa = PBXFileReference; fileEncoding = 4; lastKnownFileType = sourcecode.c.h; path = "NSString+Path.h"; sourceTree = "<group>"; };
		2EB127C21D7D6660001D760E /* NSString+Path.m */ = {isa = PBXFileReference; fileEncoding = 4; lastKnownFileType = sourcecode.c.objc; path = "NSString+Path.m"; sourceTree = "<group>"; };
		2EB127C31D7D6660001D760E /* NSString+TextSize.h */ = {isa = PBXFileReference; fileEncoding = 4; lastKnownFileType = sourcecode.c.h; path = "NSString+TextSize.h"; sourceTree = "<group>"; };
		2EB127C41D7D6660001D760E /* NSString+TextSize.m */ = {isa = PBXFileReference; fileEncoding = 4; lastKnownFileType = sourcecode.c.objc; path = "NSString+TextSize.m"; sourceTree = "<group>"; };
		2EB127C71D7D6660001D760E /* UIView+Frame.h */ = {isa = PBXFileReference; fileEncoding = 4; lastKnownFileType = sourcecode.c.h; path = "UIView+Frame.h"; sourceTree = "<group>"; };
		2EB127CD1D7D66C7001D760E /* UIImage+Resizable.h */ = {isa = PBXFileReference; fileEncoding = 4; lastKnownFileType = sourcecode.c.h; path = "UIImage+Resizable.h"; sourceTree = "<group>"; };
		2EB127CE1D7D66C7001D760E /* UIImage+Resizable.m */ = {isa = PBXFileReference; fileEncoding = 4; lastKnownFileType = sourcecode.c.objc; path = "UIImage+Resizable.m"; sourceTree = "<group>"; };
		2EB127D01D7D67D8001D760E /* UIView+Frame.m */ = {isa = PBXFileReference; fileEncoding = 4; lastKnownFileType = sourcecode.c.objc; path = "UIView+Frame.m"; sourceTree = "<group>"; };
		2EB127D81D7D6A8E001D760E /* AppInfoUtil.h */ = {isa = PBXFileReference; fileEncoding = 4; lastKnownFileType = sourcecode.c.h; path = AppInfoUtil.h; sourceTree = "<group>"; };
		2EB127D91D7D6A8E001D760E /* AppInfoUtil.m */ = {isa = PBXFileReference; fileEncoding = 4; lastKnownFileType = sourcecode.c.objc; path = AppInfoUtil.m; sourceTree = "<group>"; };
		2EB127DB1D7D6ABB001D760E /* NSString+Validate.h */ = {isa = PBXFileReference; fileEncoding = 4; lastKnownFileType = sourcecode.c.h; path = "NSString+Validate.h"; sourceTree = "<group>"; };
		2EB127DC1D7D6ABB001D760E /* NSString+Validate.m */ = {isa = PBXFileReference; fileEncoding = 4; lastKnownFileType = sourcecode.c.objc; path = "NSString+Validate.m"; sourceTree = "<group>"; };
		2EB127DE1D7D6ACE001D760E /* UIImage+Extend.h */ = {isa = PBXFileReference; fileEncoding = 4; lastKnownFileType = sourcecode.c.h; path = "UIImage+Extend.h"; sourceTree = "<group>"; };
		2EB127DF1D7D6ACE001D760E /* UIImage+Extend.m */ = {isa = PBXFileReference; fileEncoding = 4; lastKnownFileType = sourcecode.c.objc; path = "UIImage+Extend.m"; sourceTree = "<group>"; };
		2EB127E11D7D6B72001D760E /* DateFormatUtil.h */ = {isa = PBXFileReference; fileEncoding = 4; lastKnownFileType = sourcecode.c.h; path = DateFormatUtil.h; sourceTree = "<group>"; };
		2EB127E21D7D6B72001D760E /* DateFormatUtil.m */ = {isa = PBXFileReference; fileEncoding = 4; lastKnownFileType = sourcecode.c.objc; path = DateFormatUtil.m; sourceTree = "<group>"; };
		2EB127E71D7D6D33001D760E /* GCDTaskQueue.h */ = {isa = PBXFileReference; fileEncoding = 4; lastKnownFileType = sourcecode.c.h; path = GCDTaskQueue.h; sourceTree = "<group>"; };
		2EB127E81D7D6D33001D760E /* GCDTaskQueue.m */ = {isa = PBXFileReference; fileEncoding = 4; lastKnownFileType = sourcecode.c.objc; path = GCDTaskQueue.m; sourceTree = "<group>"; };
		2EB127EA1D7D6DB6001D760E /* IOManager.h */ = {isa = PBXFileReference; fileEncoding = 4; lastKnownFileType = sourcecode.c.h; path = IOManager.h; sourceTree = "<group>"; };
		2EB127EB1D7D6DB6001D760E /* IOManager.m */ = {isa = PBXFileReference; fileEncoding = 4; lastKnownFileType = sourcecode.c.objc; path = IOManager.m; sourceTree = "<group>"; };
		2EB127ED1D7D6E5E001D760E /* KeychainWrapper.h */ = {isa = PBXFileReference; fileEncoding = 4; lastKnownFileType = sourcecode.c.h; path = KeychainWrapper.h; sourceTree = "<group>"; };
		2EB127EE1D7D6E5E001D760E /* KeychainWrapper.m */ = {isa = PBXFileReference; fileEncoding = 4; lastKnownFileType = sourcecode.c.objc; path = KeychainWrapper.m; sourceTree = "<group>"; };
		2EB127F01D7D6F03001D760E /* ObjectCacheManager.h */ = {isa = PBXFileReference; fileEncoding = 4; lastKnownFileType = sourcecode.c.h; path = ObjectCacheManager.h; sourceTree = "<group>"; };
		2EB127F11D7D6F03001D760E /* ObjectCacheManager.m */ = {isa = PBXFileReference; fileEncoding = 4; lastKnownFileType = sourcecode.c.objc; path = ObjectCacheManager.m; sourceTree = "<group>"; };
		2EB127F21D7D6F03001D760E /* SecurityUtil.h */ = {isa = PBXFileReference; fileEncoding = 4; lastKnownFileType = sourcecode.c.h; path = SecurityUtil.h; sourceTree = "<group>"; };
		2EB127F31D7D6F03001D760E /* SecurityUtil.m */ = {isa = PBXFileReference; fileEncoding = 4; lastKnownFileType = sourcecode.c.objc; path = SecurityUtil.m; sourceTree = "<group>"; };
		2ECDB84E1DDB3A1200E10342 /* BaseTabBarController.h */ = {isa = PBXFileReference; fileEncoding = 4; lastKnownFileType = sourcecode.c.h; path = BaseTabBarController.h; sourceTree = "<group>"; };
		2ECDB84F1DDB3A1200E10342 /* BaseTabBarController.m */ = {isa = PBXFileReference; fileEncoding = 4; lastKnownFileType = sourcecode.c.objc; path = BaseTabBarController.m; sourceTree = "<group>"; };
		2EE6F2BF1DDD99B200785FCC /* DataModel.h */ = {isa = PBXFileReference; fileEncoding = 4; lastKnownFileType = sourcecode.c.h; path = DataModel.h; sourceTree = "<group>"; };
		2EE6F2C01DDD99B200785FCC /* DataModel.m */ = {isa = PBXFileReference; fileEncoding = 4; lastKnownFileType = sourcecode.c.objc; path = DataModel.m; sourceTree = "<group>"; };
		2EE6F2C21DDD9AAD00785FCC /* BaseModel.h */ = {isa = PBXFileReference; fileEncoding = 4; lastKnownFileType = sourcecode.c.h; path = BaseModel.h; sourceTree = "<group>"; };
		2EE6F2C31DDD9AAD00785FCC /* BaseModel.m */ = {isa = PBXFileReference; fileEncoding = 4; lastKnownFileType = sourcecode.c.objc; path = BaseModel.m; sourceTree = "<group>"; };
/* End PBXFileReference section */

/* Begin PBXFrameworksBuildPhase section */
		2EB1277A1D7D6081001D760E /* Frameworks */ = {
			isa = PBXFrameworksBuildPhase;
			buildActionMask = 2147483647;
			files = (
			);
			runOnlyForDeploymentPostprocessing = 0;
		};
/* End PBXFrameworksBuildPhase section */

/* Begin PBXGroup section */
		2E2B1AD71DDD2F56000644DC /* FoldingTabBar */ = {
			isa = PBXGroup;
			children = (
				2E2B1AD81DDD2F56000644DC /* Animation */,
				2E2B1ADC1DDD2F56000644DC /* Category */,
				2E2B1AE51DDD2F56000644DC /* Constants */,
				2E2B1AE81DDD2F56000644DC /* Controller */,
				2E2B1AEC1DDD2F56000644DC /* Model */,
				2E2B1AF01DDD2F56000644DC /* Resources */,
				2E2B1AF31DDD2F56000644DC /* View */,
			);
			path = FoldingTabBar;
			sourceTree = "<group>";
		};
		2E2B1AD81DDD2F56000644DC /* Animation */ = {
			isa = PBXGroup;
			children = (
				2E2B1AD91DDD2F56000644DC /* YALSpringAnimation */,
			);
			path = Animation;
			sourceTree = "<group>";
		};
		2E2B1AD91DDD2F56000644DC /* YALSpringAnimation */ = {
			isa = PBXGroup;
			children = (
				2E2B1ADA1DDD2F56000644DC /* YALSpringAnimation.h */,
				2E2B1ADB1DDD2F56000644DC /* YALSpringAnimation.m */,
			);
			path = YALSpringAnimation;
			sourceTree = "<group>";
		};
		2E2B1ADC1DDD2F56000644DC /* Category */ = {
			isa = PBXGroup;
			children = (
				2E2B1ADD1DDD2F56000644DC /* CAAnimation */,
				2E2B1AE11DDD2F56000644DC /* CATransaction */,
			);
			path = Category;
			sourceTree = "<group>";
		};
		2E2B1ADD1DDD2F56000644DC /* CAAnimation */ = {
			isa = PBXGroup;
			children = (
				2E2B1ADE1DDD2F56000644DC /* CAAnimation+YALTabBarViewAnimations */,
			);
			path = CAAnimation;
			sourceTree = "<group>";
		};
		2E2B1ADE1DDD2F56000644DC /* CAAnimation+YALTabBarViewAnimations */ = {
			isa = PBXGroup;
			children = (
				2E2B1ADF1DDD2F56000644DC /* CAAnimation+YALTabBarViewAnimations.h */,
				2E2B1AE01DDD2F56000644DC /* CAAnimation+YALTabBarViewAnimations.m */,
			);
			path = "CAAnimation+YALTabBarViewAnimations";
			sourceTree = "<group>";
		};
		2E2B1AE11DDD2F56000644DC /* CATransaction */ = {
			isa = PBXGroup;
			children = (
				2E2B1AE21DDD2F56000644DC /* CATransaction+TransactionWithAnimationsAndCompletion */,
			);
			path = CATransaction;
			sourceTree = "<group>";
		};
		2E2B1AE21DDD2F56000644DC /* CATransaction+TransactionWithAnimationsAndCompletion */ = {
			isa = PBXGroup;
			children = (
				2E2B1AE31DDD2F56000644DC /* CATransaction+TransactionWithAnimationsAndCompletion.h */,
				2E2B1AE41DDD2F56000644DC /* CATransaction+TransactionWithAnimationsAndCompletion.m */,
			);
			path = "CATransaction+TransactionWithAnimationsAndCompletion";
			sourceTree = "<group>";
		};
		2E2B1AE51DDD2F56000644DC /* Constants */ = {
			isa = PBXGroup;
			children = (
				2E2B1AE61DDD2F56000644DC /* YALAnimatingTabBarConstants.h */,
				2E2B1AE71DDD2F56000644DC /* YALAnimatingTabBarConstants.m */,
			);
			path = Constants;
			sourceTree = "<group>";
		};
		2E2B1AE81DDD2F56000644DC /* Controller */ = {
			isa = PBXGroup;
			children = (
				2E2B1AE91DDD2F56000644DC /* FoldingTabBarController */,
			);
			path = Controller;
			sourceTree = "<group>";
		};
		2E2B1AE91DDD2F56000644DC /* FoldingTabBarController */ = {
			isa = PBXGroup;
			children = (
				2E2B1AEA1DDD2F56000644DC /* YALFoldingTabBarController.h */,
				2E2B1AEB1DDD2F56000644DC /* YALFoldingTabBarController.m */,
			);
			path = FoldingTabBarController;
			sourceTree = "<group>";
		};
		2E2B1AEC1DDD2F56000644DC /* Model */ = {
			isa = PBXGroup;
			children = (
				2E2B1AED1DDD2F56000644DC /* TabBarItem */,
			);
			path = Model;
			sourceTree = "<group>";
		};
		2E2B1AED1DDD2F56000644DC /* TabBarItem */ = {
			isa = PBXGroup;
			children = (
				2E2B1AEE1DDD2F56000644DC /* YALTabBarItem.h */,
				2E2B1AEF1DDD2F56000644DC /* YALTabBarItem.m */,
			);
			path = TabBarItem;
			sourceTree = "<group>";
		};
		2E2B1AF01DDD2F56000644DC /* Resources */ = {
			isa = PBXGroup;
			children = (
				2E2B1AF11DDD2F56000644DC /* FoldingTabBar.h */,
				2E2B1AF21DDD2F56000644DC /* Info.plist */,
			);
			path = Resources;
			sourceTree = "<group>";
		};
		2E2B1AF31DDD2F56000644DC /* View */ = {
			isa = PBXGroup;
			children = (
				2E2B1AF41DDD2F56000644DC /* CustomHeightTabBar */,
				2E2B1AF71DDD2F56000644DC /* FoldingTabBar */,
			);
			path = View;
			sourceTree = "<group>";
		};
		2E2B1AF41DDD2F56000644DC /* CustomHeightTabBar */ = {
			isa = PBXGroup;
			children = (
				2E2B1AF51DDD2F56000644DC /* YALCustomHeightTabBar.h */,
				2E2B1AF61DDD2F56000644DC /* YALCustomHeightTabBar.m */,
			);
			path = CustomHeightTabBar;
			sourceTree = "<group>";
		};
		2E2B1AF71DDD2F56000644DC /* FoldingTabBar */ = {
			isa = PBXGroup;
			children = (
				2E2B1AF81DDD2F56000644DC /* YALFoldingTabBar.h */,
				2E2B1AF91DDD2F56000644DC /* YALFoldingTabBar.m */,
			);
			path = FoldingTabBar;
			sourceTree = "<group>";
		};
		2E2B1B031DDD3076000644DC /* Chat */ = {
			isa = PBXGroup;
			children = (
				2E2B1B041DDD3076000644DC /* Controllers */,
				2E2B1B051DDD3076000644DC /* Models */,
				2E2B1B061DDD3076000644DC /* Others */,
				2E2B1B071DDD3076000644DC /* Views */,
			);
			path = Chat;
			sourceTree = "<group>";
		};
		2E2B1B041DDD3076000644DC /* Controllers */ = {
			isa = PBXGroup;
			children = (
				2E2B1B1A1DDD309A000644DC /* ChatViewController.h */,
				2E2B1B1B1DDD309A000644DC /* ChatViewController.m */,
			);
			path = Controllers;
			sourceTree = "<group>";
		};
		2E2B1B051DDD3076000644DC /* Models */ = {
			isa = PBXGroup;
			children = (
			);
			path = Models;
			sourceTree = "<group>";
		};
		2E2B1B061DDD3076000644DC /* Others */ = {
			isa = PBXGroup;
			children = (
			);
			path = Others;
			sourceTree = "<group>";
		};
		2E2B1B071DDD3076000644DC /* Views */ = {
			isa = PBXGroup;
			children = (
			);
			path = Views;
			sourceTree = "<group>";
		};
		2E2B1B081DDD3076000644DC /* Home */ = {
			isa = PBXGroup;
			children = (
				2E2B1B091DDD3076000644DC /* Controllers */,
				2E2B1B0A1DDD3076000644DC /* Models */,
				2E2B1B0B1DDD3076000644DC /* Others */,
				2E2B1B0C1DDD3076000644DC /* Views */,
			);
			path = Home;
			sourceTree = "<group>";
		};
		2E2B1B091DDD3076000644DC /* Controllers */ = {
			isa = PBXGroup;
			children = (
				2E2B1B171DDD308B000644DC /* HomeViewController.h */,
				2E2B1B181DDD308B000644DC /* HomeViewController.m */,
			);
			path = Controllers;
			sourceTree = "<group>";
		};
		2E2B1B0A1DDD3076000644DC /* Models */ = {
			isa = PBXGroup;
			children = (
			);
			path = Models;
			sourceTree = "<group>";
		};
		2E2B1B0B1DDD3076000644DC /* Others */ = {
			isa = PBXGroup;
			children = (
			);
			path = Others;
			sourceTree = "<group>";
		};
		2E2B1B0C1DDD3076000644DC /* Views */ = {
			isa = PBXGroup;
			children = (
			);
			path = Views;
			sourceTree = "<group>";
		};
		2E2B1B0D1DDD3076000644DC /* Nearby */ = {
			isa = PBXGroup;
			children = (
				2E2B1B0E1DDD3076000644DC /* Controllers */,
				2E2B1B0F1DDD3076000644DC /* Models */,
				2E2B1B101DDD3076000644DC /* Others */,
				2E2B1B111DDD3076000644DC /* Views */,
			);
			path = Nearby;
			sourceTree = "<group>";
		};
		2E2B1B0E1DDD3076000644DC /* Controllers */ = {
			isa = PBXGroup;
			children = (
				2E2B1B1D1DDD30AA000644DC /* NearbyViewController.h */,
				2E2B1B1E1DDD30AA000644DC /* NearbyViewController.m */,
				2E1C5C761DDD9F8C00AE5478 /* PopViewController.h */,
				2E1C5C771DDD9F8C00AE5478 /* PopViewController.m */,
			);
			path = Controllers;
			sourceTree = "<group>";
		};
		2E2B1B0F1DDD3076000644DC /* Models */ = {
			isa = PBXGroup;
			children = (
				2EE6F2BF1DDD99B200785FCC /* DataModel.h */,
				2EE6F2C01DDD99B200785FCC /* DataModel.m */,
			);
			path = Models;
			sourceTree = "<group>";
		};
		2E2B1B101DDD3076000644DC /* Others */ = {
			isa = PBXGroup;
			children = (
			);
			path = Others;
			sourceTree = "<group>";
		};
		2E2B1B111DDD3076000644DC /* Views */ = {
			isa = PBXGroup;
			children = (
			);
			path = Views;
			sourceTree = "<group>";
		};
		2E2B1B121DDD3076000644DC /* Setting */ = {
			isa = PBXGroup;
			children = (
				2E2B1B131DDD3076000644DC /* Controllers */,
				2E2B1B141DDD3076000644DC /* Models */,
				2E2B1B151DDD3076000644DC /* Others */,
				2E2B1B161DDD3076000644DC /* Views */,
			);
			path = Setting;
			sourceTree = "<group>";
		};
		2E2B1B131DDD3076000644DC /* Controllers */ = {
			isa = PBXGroup;
			children = (
				2E2B1B201DDD30B7000644DC /* SettingViewController.h */,
				2E2B1B211DDD30B7000644DC /* SettingViewController.m */,
			);
			path = Controllers;
			sourceTree = "<group>";
		};
		2E2B1B141DDD3076000644DC /* Models */ = {
			isa = PBXGroup;
			children = (
			);
			path = Models;
			sourceTree = "<group>";
		};
		2E2B1B151DDD3076000644DC /* Others */ = {
			isa = PBXGroup;
			children = (
			);
			path = Others;
			sourceTree = "<group>";
		};
		2E2B1B161DDD3076000644DC /* Views */ = {
			isa = PBXGroup;
			children = (
			);
			path = Views;
			sourceTree = "<group>";
		};
		2E41496F1D853AA40070F491 /* Base */ = {
			isa = PBXGroup;
			children = (
				2E4149701D853AC80070F491 /* BaseViewController.h */,
				2E4149711D853AC80070F491 /* BaseViewController.m */,
				2ECDB84E1DDB3A1200E10342 /* BaseTabBarController.h */,
				2ECDB84F1DDB3A1200E10342 /* BaseTabBarController.m */,
				2EE6F2C21DDD9AAD00785FCC /* BaseModel.h */,
				2EE6F2C31DDD9AAD00785FCC /* BaseModel.m */,
			);
			path = Base;
			sourceTree = "<group>";
		};
		2EB127741D7D6081001D760E = {
			isa = PBXGroup;
			children = (
				2EB1277F1D7D6081001D760E /* YNWorkKit */,
				2EB1277E1D7D6081001D760E /* Products */,
			);
			sourceTree = "<group>";
		};
		2EB1277E1D7D6081001D760E /* Products */ = {
			isa = PBXGroup;
			children = (
				2EB1277D1D7D6081001D760E /* YNWorkKit.app */,
			);
			name = Products;
			sourceTree = "<group>";
		};
		2EB1277F1D7D6081001D760E /* YNWorkKit */ = {
			isa = PBXGroup;
			children = (
				2EB127A21D7D6361001D760E /* Classes */,
				2EB127B01D7D6377001D760E /* Resources */,
				2EB127801D7D6081001D760E /* Supporting Files */,
			);
			path = YNWorkKit;
			sourceTree = "<group>";
		};
		2EB127801D7D6081001D760E /* Supporting Files */ = {
			isa = PBXGroup;
			children = (
				2EB127891D7D6081001D760E /* Main.storyboard */,
				2EB1278C1D7D6081001D760E /* Assets.xcassets */,
				2EB1278E1D7D6081001D760E /* LaunchScreen.storyboard */,
				2EB127911D7D6081001D760E /* Info.plist */,
				2EB127811D7D6081001D760E /* main.m */,
			);
			name = "Supporting Files";
			sourceTree = "<group>";
		};
		2EB127A21D7D6361001D760E /* Classes */ = {
			isa = PBXGroup;
			children = (
				2EB127A31D7D6361001D760E /* Commons */,
				2EB127A61D7D6361001D760E /* Configs */,
				2EB127A91D7D6361001D760E /* Libs */,
				2EB127AA1D7D6361001D760E /* Main */,
			);
			path = Classes;
			sourceTree = "<group>";
		};
		2EB127A31D7D6361001D760E /* Commons */ = {
			isa = PBXGroup;
			children = (
				2E41496F1D853AA40070F491 /* Base */,
				2EB127A41D7D6361001D760E /* Categories */,
				2EB127A51D7D6361001D760E /* Tools */,
			);
			path = Commons;
			sourceTree = "<group>";
		};
		2EB127A41D7D6361001D760E /* Categories */ = {
			isa = PBXGroup;
			children = (
				2EB127DB1D7D6ABB001D760E /* NSString+Validate.h */,
				2EB127DC1D7D6ABB001D760E /* NSString+Validate.m */,
				2EB127C11D7D6660001D760E /* NSString+Path.h */,
				2EB127C21D7D6660001D760E /* NSString+Path.m */,
				2EB127DE1D7D6ACE001D760E /* UIImage+Extend.h */,
				2EB127DF1D7D6ACE001D760E /* UIImage+Extend.m */,
				2EB127C31D7D6660001D760E /* NSString+TextSize.h */,
				2EB127C41D7D6660001D760E /* NSString+TextSize.m */,
				2EB127C71D7D6660001D760E /* UIView+Frame.h */,
				2EB127D01D7D67D8001D760E /* UIView+Frame.m */,
				2EB127BB1D7D6528001D760E /* NSArray+Log.h */,
				2EB127BC1D7D6528001D760E /* NSArray+Log.m */,
				2EB127CD1D7D66C7001D760E /* UIImage+Resizable.h */,
				2EB127CE1D7D66C7001D760E /* UIImage+Resizable.m */,
				2E7F30651DD93CCB00352F60 /* NSArray+Compare.h */,
				2E7F30661DD93CCB00352F60 /* NSArray+Compare.m */,
			);
			path = Categories;
			sourceTree = "<group>";
		};
		2EB127A51D7D6361001D760E /* Tools */ = {
			isa = PBXGroup;
			children = (
				2EB127F01D7D6F03001D760E /* ObjectCacheManager.h */,
				2EB127F11D7D6F03001D760E /* ObjectCacheManager.m */,
				2EB127F21D7D6F03001D760E /* SecurityUtil.h */,
				2EB127F31D7D6F03001D760E /* SecurityUtil.m */,
				2EB127ED1D7D6E5E001D760E /* KeychainWrapper.h */,
				2EB127EE1D7D6E5E001D760E /* KeychainWrapper.m */,
				2EB127EA1D7D6DB6001D760E /* IOManager.h */,
				2EB127EB1D7D6DB6001D760E /* IOManager.m */,
				2EB127E71D7D6D33001D760E /* GCDTaskQueue.h */,
				2EB127E81D7D6D33001D760E /* GCDTaskQueue.m */,
				2EB127D81D7D6A8E001D760E /* AppInfoUtil.h */,
				2EB127D91D7D6A8E001D760E /* AppInfoUtil.m */,
				2EB127E11D7D6B72001D760E /* DateFormatUtil.h */,
				2EB127E21D7D6B72001D760E /* DateFormatUtil.m */,
			);
			path = Tools;
			sourceTree = "<group>";
		};
		2EB127A61D7D6361001D760E /* Configs */ = {
			isa = PBXGroup;
			children = (
				2EB127A71D7D6361001D760E /* AppDelegate.h */,
				2EB127A81D7D6361001D760E /* AppDelegate.m */,
				2E2B1B231DDD3356000644DC /* PrefixHeader.pch */,
			);
			path = Configs;
			sourceTree = "<group>";
		};
		2EB127A91D7D6361001D760E /* Libs */ = {
			isa = PBXGroup;
			children = (
				2E2B1AD71DDD2F56000644DC /* FoldingTabBar */,
			);
			path = Libs;
			sourceTree = "<group>";
		};
		2EB127AA1D7D6361001D760E /* Main */ = {
			isa = PBXGroup;
			children = (
				2E2B1B031DDD3076000644DC /* Chat */,
				2E2B1B081DDD3076000644DC /* Home */,
				2E2B1B0D1DDD3076000644DC /* Nearby */,
				2E2B1B121DDD3076000644DC /* Setting */,
			);
			path = Main;
			sourceTree = "<group>";
		};
		2EB127B01D7D6377001D760E /* Resources */ = {
			isa = PBXGroup;
			children = (
				2EB127B11D7D6377001D760E /* Audios */,
				2EB127B21D7D6377001D760E /* Images */,
				2EB127B31D7D6377001D760E /* Plists */,
				2EB127B41D7D6377001D760E /* Videos */,
			);
			path = Resources;
			sourceTree = "<group>";
		};
		2EB127B11D7D6377001D760E /* Audios */ = {
			isa = PBXGroup;
			children = (
			);
			path = Audios;
			sourceTree = "<group>";
		};
		2EB127B21D7D6377001D760E /* Images */ = {
			isa = PBXGroup;
			children = (
			);
			path = Images;
			sourceTree = "<group>";
		};
		2EB127B31D7D6377001D760E /* Plists */ = {
			isa = PBXGroup;
			children = (
			);
			path = Plists;
			sourceTree = "<group>";
		};
		2EB127B41D7D6377001D760E /* Videos */ = {
			isa = PBXGroup;
			children = (
			);
			path = Videos;
			sourceTree = "<group>";
		};
/* End PBXGroup section */

/* Begin PBXNativeTarget section */
		2EB1277C1D7D6081001D760E /* YNWorkKit */ = {
			isa = PBXNativeTarget;
			buildConfigurationList = 2EB127941D7D6081001D760E /* Build configuration list for PBXNativeTarget "YNWorkKit" */;
			buildPhases = (
				2EB127791D7D6081001D760E /* Sources */,
				2EB1277A1D7D6081001D760E /* Frameworks */,
				2EB1277B1D7D6081001D760E /* Resources */,
			);
			buildRules = (
			);
			dependencies = (
			);
			name = YNWorkKit;
			productName = YNWorkKit;
			productReference = 2EB1277D1D7D6081001D760E /* YNWorkKit.app */;
			productType = "com.apple.product-type.application";
		};
/* End PBXNativeTarget section */

/* Begin PBXProject section */
		2EB127751D7D6081001D760E /* Project object */ = {
			isa = PBXProject;
			attributes = {
				LastUpgradeCheck = 0730;
				ORGANIZATIONNAME = "张艳能";
				TargetAttributes = {
					2EB1277C1D7D6081001D760E = {
						CreatedOnToolsVersion = 7.3.1;
						DevelopmentTeam = 95X9N24D2E;
					};
				};
			};
			buildConfigurationList = 2EB127781D7D6081001D760E /* Build configuration list for PBXProject "YNWorkKit" */;
			compatibilityVersion = "Xcode 3.2";
			developmentRegion = English;
			hasScannedForEncodings = 0;
			knownRegions = (
				en,
				Base,
			);
			mainGroup = 2EB127741D7D6081001D760E;
			productRefGroup = 2EB1277E1D7D6081001D760E /* Products */;
			projectDirPath = "";
			projectRoot = "";
			targets = (
				2EB1277C1D7D6081001D760E /* YNWorkKit */,
			);
		};
/* End PBXProject section */

/* Begin PBXResourcesBuildPhase section */
		2EB1277B1D7D6081001D760E /* Resources */ = {
			isa = PBXResourcesBuildPhase;
			buildActionMask = 2147483647;
			files = (
				2E2B1B001DDD2F56000644DC /* Info.plist in Resources */,
				2EB127901D7D6081001D760E /* LaunchScreen.storyboard in Resources */,
				2EB1278D1D7D6081001D760E /* Assets.xcassets in Resources */,
				2EB1278B1D7D6081001D760E /* Main.storyboard in Resources */,
			);
			runOnlyForDeploymentPostprocessing = 0;
		};
/* End PBXResourcesBuildPhase section */

/* Begin PBXSourcesBuildPhase section */
		2EB127791D7D6081001D760E /* Sources */ = {
			isa = PBXSourcesBuildPhase;
			buildActionMask = 2147483647;
			files = (
				2ECDB8501DDB3A1200E10342 /* BaseTabBarController.m in Sources */,
				2EB127BD1D7D6528001D760E /* NSArray+Log.m in Sources */,
				2E4149721D853AC80070F491 /* BaseViewController.m in Sources */,
				2EE6F2C41DDD9AAD00785FCC /* BaseModel.m in Sources */,
				2EB127E01D7D6ACE001D760E /* UIImage+Extend.m in Sources */,
				2EB127F41D7D6F03001D760E /* ObjectCacheManager.m in Sources */,
				2EB127E91D7D6D33001D760E /* GCDTaskQueue.m in Sources */,
				2E2B1AFC1DDD2F56000644DC /* CATransaction+TransactionWithAnimationsAndCompletion.m in Sources */,
				2E2B1AFD1DDD2F56000644DC /* YALAnimatingTabBarConstants.m in Sources */,
				2EB127DD1D7D6ABB001D760E /* NSString+Validate.m in Sources */,
				2E2B1AFA1DDD2F56000644DC /* YALSpringAnimation.m in Sources */,
				2EB127EC1D7D6DB6001D760E /* IOManager.m in Sources */,
				2E2B1B011DDD2F56000644DC /* YALCustomHeightTabBar.m in Sources */,
				2EB127AF1D7D6361001D760E /* AppDelegate.m in Sources */,
				2E2B1AFB1DDD2F56000644DC /* CAAnimation+YALTabBarViewAnimations.m in Sources */,
				2E2B1B221DDD30B7000644DC /* SettingViewController.m in Sources */,
				2EB127D11D7D67D8001D760E /* UIView+Frame.m in Sources */,
				2E2B1B1C1DDD309A000644DC /* ChatViewController.m in Sources */,
				2EE6F2C11DDD99B200785FCC /* DataModel.m in Sources */,
				2EB127CA1D7D6660001D760E /* NSString+TextSize.m in Sources */,
				2EB127821D7D6081001D760E /* main.m in Sources */,
				2EB127EF1D7D6E5E001D760E /* KeychainWrapper.m in Sources */,
				2E2B1AFE1DDD2F56000644DC /* YALFoldingTabBarController.m in Sources */,
				2E2B1B191DDD308B000644DC /* HomeViewController.m in Sources */,
				2E2B1B1F1DDD30AA000644DC /* NearbyViewController.m in Sources */,
				2EB127E31D7D6B72001D760E /* DateFormatUtil.m in Sources */,
				2EB127F51D7D6F03001D760E /* SecurityUtil.m in Sources */,
				2E2B1B021DDD2F56000644DC /* YALFoldingTabBar.m in Sources */,
				2EB127DA1D7D6A8E001D760E /* AppInfoUtil.m in Sources */,
				2EB127CF1D7D66C7001D760E /* UIImage+Resizable.m in Sources */,
				2E1C5C781DDD9F8C00AE5478 /* PopViewController.m in Sources */,
				2E7F30671DD93CCB00352F60 /* NSArray+Compare.m in Sources */,
				2EB127C91D7D6660001D760E /* NSString+Path.m in Sources */,
				2E2B1AFF1DDD2F56000644DC /* YALTabBarItem.m in Sources */,
			);
			runOnlyForDeploymentPostprocessing = 0;
		};
/* End PBXSourcesBuildPhase section */

/* Begin PBXVariantGroup section */
		2EB127891D7D6081001D760E /* Main.storyboard */ = {
			isa = PBXVariantGroup;
			children = (
				2EB1278A1D7D6081001D760E /* Base */,
			);
			name = Main.storyboard;
			sourceTree = "<group>";
		};
		2EB1278E1D7D6081001D760E /* LaunchScreen.storyboard */ = {
			isa = PBXVariantGroup;
			children = (
				2EB1278F1D7D6081001D760E /* Base */,
			);
			name = LaunchScreen.storyboard;
			sourceTree = "<group>";
		};
/* End PBXVariantGroup section */

/* Begin XCBuildConfiguration section */
		2EB127921D7D6081001D760E /* Debug */ = {
			isa = XCBuildConfiguration;
			buildSettings = {
				ALWAYS_SEARCH_USER_PATHS = NO;
				CLANG_ANALYZER_NONNULL = YES;
				CLANG_CXX_LANGUAGE_STANDARD = "gnu++0x";
				CLANG_CXX_LIBRARY = "libc++";
				CLANG_ENABLE_MODULES = YES;
				CLANG_ENABLE_OBJC_ARC = YES;
				CLANG_WARN_BOOL_CONVERSION = YES;
				CLANG_WARN_CONSTANT_CONVERSION = YES;
				CLANG_WARN_DIRECT_OBJC_ISA_USAGE = YES_ERROR;
				CLANG_WARN_EMPTY_BODY = YES;
				CLANG_WARN_ENUM_CONVERSION = YES;
				CLANG_WARN_INT_CONVERSION = YES;
				CLANG_WARN_OBJC_ROOT_CLASS = YES_ERROR;
				CLANG_WARN_UNREACHABLE_CODE = YES;
				CLANG_WARN__DUPLICATE_METHOD_MATCH = YES;
				"CODE_SIGN_IDENTITY[sdk=iphoneos*]" = "iPhone Developer";
				COPY_PHASE_STRIP = NO;
				DEBUG_INFORMATION_FORMAT = dwarf;
				ENABLE_STRICT_OBJC_MSGSEND = YES;
				ENABLE_TESTABILITY = YES;
				GCC_C_LANGUAGE_STANDARD = gnu99;
				GCC_DYNAMIC_NO_PIC = NO;
				GCC_NO_COMMON_BLOCKS = YES;
				GCC_OPTIMIZATION_LEVEL = 0;
				GCC_PREPROCESSOR_DEFINITIONS = (
					"DEBUG=1",
					"$(inherited)",
				);
				GCC_WARN_64_TO_32_BIT_CONVERSION = YES;
				GCC_WARN_ABOUT_RETURN_TYPE = YES_ERROR;
				GCC_WARN_UNDECLARED_SELECTOR = YES;
				GCC_WARN_UNINITIALIZED_AUTOS = YES_AGGRESSIVE;
				GCC_WARN_UNUSED_FUNCTION = YES;
				GCC_WARN_UNUSED_VARIABLE = YES;
				IPHONEOS_DEPLOYMENT_TARGET = 9.3;
				MTL_ENABLE_DEBUG_INFO = YES;
				ONLY_ACTIVE_ARCH = YES;
				SDKROOT = iphoneos;
			};
			name = Debug;
		};
		2EB127931D7D6081001D760E /* Release */ = {
			isa = XCBuildConfiguration;
			buildSettings = {
				ALWAYS_SEARCH_USER_PATHS = NO;
				CLANG_ANALYZER_NONNULL = YES;
				CLANG_CXX_LANGUAGE_STANDARD = "gnu++0x";
				CLANG_CXX_LIBRARY = "libc++";
				CLANG_ENABLE_MODULES = YES;
				CLANG_ENABLE_OBJC_ARC = YES;
				CLANG_WARN_BOOL_CONVERSION = YES;
				CLANG_WARN_CONSTANT_CONVERSION = YES;
				CLANG_WARN_DIRECT_OBJC_ISA_USAGE = YES_ERROR;
				CLANG_WARN_EMPTY_BODY = YES;
				CLANG_WARN_ENUM_CONVERSION = YES;
				CLANG_WARN_INT_CONVERSION = YES;
				CLANG_WARN_OBJC_ROOT_CLASS = YES_ERROR;
				CLANG_WARN_UNREACHABLE_CODE = YES;
				CLANG_WARN__DUPLICATE_METHOD_MATCH = YES;
				"CODE_SIGN_IDENTITY[sdk=iphoneos*]" = "iPhone Developer";
				COPY_PHASE_STRIP = NO;
				DEBUG_INFORMATION_FORMAT = "dwarf-with-dsym";
				ENABLE_NS_ASSERTIONS = NO;
				ENABLE_STRICT_OBJC_MSGSEND = YES;
				GCC_C_LANGUAGE_STANDARD = gnu99;
				GCC_NO_COMMON_BLOCKS = YES;
				GCC_WARN_64_TO_32_BIT_CONVERSION = YES;
				GCC_WARN_ABOUT_RETURN_TYPE = YES_ERROR;
				GCC_WARN_UNDECLARED_SELECTOR = YES;
				GCC_WARN_UNINITIALIZED_AUTOS = YES_AGGRESSIVE;
				GCC_WARN_UNUSED_FUNCTION = YES;
				GCC_WARN_UNUSED_VARIABLE = YES;
				IPHONEOS_DEPLOYMENT_TARGET = 9.3;
				MTL_ENABLE_DEBUG_INFO = NO;
				SDKROOT = iphoneos;
				VALIDATE_PRODUCT = YES;
			};
			name = Release;
		};
		2EB127951D7D6081001D760E /* Debug */ = {
			isa = XCBuildConfiguration;
			buildSettings = {
				ASSETCATALOG_COMPILER_APPICON_NAME = AppIcon;
				GCC_PRECOMPILE_PREFIX_HEADER = YES;
				GCC_PREFIX_HEADER = ./YNWorkKit/Classes/Configs/PrefixHeader.pch;
				INFOPLIST_FILE = YNWorkKit/Info.plist;
				LD_RUNPATH_SEARCH_PATHS = "$(inherited) @executable_path/Frameworks";
				PRODUCT_BUNDLE_IDENTIFIER = com.zyn.YNWorkKit;
				PRODUCT_NAME = "$(TARGET_NAME)";
				TARGETED_DEVICE_FAMILY = 1;
			};
			name = Debug;
		};
		2EB127961D7D6081001D760E /* Release */ = {
			isa = XCBuildConfiguration;
			buildSettings = {
				ASSETCATALOG_COMPILER_APPICON_NAME = AppIcon;
				GCC_PRECOMPILE_PREFIX_HEADER = YES;
				GCC_PREFIX_HEADER = ./YNWorkKit/Classes/Configs/PrefixHeader.pch;
				INFOPLIST_FILE = YNWorkKit/Info.plist;
				LD_RUNPATH_SEARCH_PATHS = "$(inherited) @executable_path/Frameworks";
				PRODUCT_BUNDLE_IDENTIFIER = com.zyn.YNWorkKit;
				PRODUCT_NAME = "$(TARGET_NAME)";
				TARGETED_DEVICE_FAMILY = 1;
			};
			name = Release;
		};
/* End XCBuildConfiguration section */

/* Begin XCConfigurationList section */
		2EB127781D7D6081001D760E /* Build configuration list for PBXProject "YNWorkKit" */ = {
			isa = XCConfigurationList;
			buildConfigurations = (
				2EB127921D7D6081001D760E /* Debug */,
				2EB127931D7D6081001D760E /* Release */,
			);
			defaultConfigurationIsVisible = 0;
			defaultConfigurationName = Release;
		};
		2EB127941D7D6081001D760E /* Build configuration list for PBXNativeTarget "YNWorkKit" */ = {
			isa = XCConfigurationList;
			buildConfigurations = (
				2EB127951D7D6081001D760E /* Debug */,
				2EB127961D7D6081001D760E /* Release */,
			);
			defaultConfigurationIsVisible = 0;
			defaultConfigurationName = Release;
		};
/* End XCConfigurationList section */
	};
	rootObject = 2EB127751D7D6081001D760E /* Project object */;
}
